
Microsoft Visual Studio Solution File, Format Version 12.00
# Visual Studio Version 16
VisualStudioVersion = 16.0.30114.105
MinimumVisualStudioVersion = 10.0.40219.1
Project("{FAE04EC0-301F-11D3-BF4B-00C04F79EFBC}") = "R5T.Troy.Default", "R5T.Troy.Default\R5T.Troy.Default.csproj", "{BE251411-9DDE-4177-A5BB-8E212D4466B1}"
EndProject
Project("{FAE04EC0-301F-11D3-BF4B-00C04F79EFBC}") = "R5T.Troy.Default.Construction", "R5T.Troy.Default.Construction\R5T.Troy.Default.Construction.csproj", "{0915D751-A3A0-4E1F-9524-869810A3B17D}"
EndProject
Project("{FAE04EC0-301F-11D3-BF4B-00C04F79EFBC}") = "R5T.Troy.Default.Testing", "R5T.Troy.Default.Testing\R5T.Troy.Default.Testing.csproj", "{9F29C775-0DD3-42A0-97DE-0FB2AC10672B}"
EndProject
Project("{2150E333-8FDC-42A3-9474-1A3956D46DE8}") = "_Dependencies", "_Dependencies", "{5203D2B1-15E8-4AA4-A25E-D662C524E3BF}"
EndProject
Project("{FAE04EC0-301F-11D3-BF4B-00C04F79EFBC}") = "R5T.T0064", "..\..\R5T.T0064\source\R5T.T0064\R5T.T0064.csproj", "{8D8593DD-F71E-469E-92C0-A20CE655A348}"
EndProject
Global
	GlobalSection(SolutionConfigurationPlatforms) = preSolution
		Debug|Any CPU = Debug|Any CPU
		Debug|x64 = Debug|x64
		Debug|x86 = Debug|x86
		Release|Any CPU = Release|Any CPU
		Release|x64 = Release|x64
		Release|x86 = Release|x86
	EndGlobalSection
	GlobalSection(SolutionProperties) = preSolution
		HideSolutionNode = FALSE
	EndGlobalSection
	GlobalSection(ProjectConfigurationPlatforms) = postSolution
		{BE251411-9DDE-4177-A5BB-8E212D4466B1}.Debug|Any CPU.ActiveCfg = Debug|Any CPU
		{BE251411-9DDE-4177-A5BB-8E212D4466B1}.Debug|Any CPU.Build.0 = Debug|Any CPU
		{BE251411-9DDE-4177-A5BB-8E212D4466B1}.Debug|x64.ActiveCfg = Debug|Any CPU
		{BE251411-9DDE-4177-A5BB-8E212D4466B1}.Debug|x64.Build.0 = Debug|Any CPU
		{BE251411-9DDE-4177-A5BB-8E212D4466B1}.Debug|x86.ActiveCfg = Debug|Any CPU
		{BE251411-9DDE-4177-A5BB-8E212D4466B1}.Debug|x86.Build.0 = Debug|Any CPU
		{BE251411-9DDE-4177-A5BB-8E212D4466B1}.Release|Any CPU.ActiveCfg = Release|Any CPU
		{BE251411-9DDE-4177-A5BB-8E212D4466B1}.Release|Any CPU.Build.0 = Release|Any CPU
		{BE251411-9DDE-4177-A5BB-8E212D4466B1}.Release|x64.ActiveCfg = Release|Any CPU
		{BE251411-9DDE-4177-A5BB-8E212D4466B1}.Release|x64.Build.0 = Release|Any CPU
		{BE251411-9DDE-4177-A5BB-8E212D4466B1}.Release|x86.ActiveCfg = Release|Any CPU
		{BE251411-9DDE-4177-A5BB-8E212D4466B1}.Release|x86.Build.0 = Release|Any CPU
		{0915D751-A3A0-4E1F-9524-869810A3B17D}.Debug|Any CPU.ActiveCfg = Debug|Any CPU
		{0915D751-A3A0-4E1F-9524-869810A3B17D}.Debug|Any CPU.Build.0 = Debug|Any CPU
		{0915D751-A3A0-4E1F-9524-869810A3B17D}.Debug|x64.ActiveCfg = Debug|Any CPU
		{0915D751-A3A0-4E1F-9524-869810A3B17D}.Debug|x64.Build.0 = Debug|Any CPU
		{0915D751-A3A0-4E1F-9524-869810A3B17D}.Debug|x86.ActiveCfg = Debug|Any CPU
		{0915D751-A3A0-4E1F-9524-869810A3B17D}.Debug|x86.Build.0 = Debug|Any CPU
		{0915D751-A3A0-4E1F-9524-869810A3B17D}.Release|Any CPU.ActiveCfg = Release|Any CPU
		{0915D751-A3A0-4E1F-9524-869810A3B17D}.Release|Any CPU.Build.0 = Release|Any CPU
		{0915D751-A3A0-4E1F-9524-869810A3B17D}.Release|x64.ActiveCfg = Release|Any CPU
		{0915D751-A3A0-4E1F-9524-869810A3B17D}.Release|x64.Build.0 = Release|Any CPU
		{0915D751-A3A0-4E1F-9524-869810A3B17D}.Release|x86.ActiveCfg = Release|Any CPU
		{0915D751-A3A0-4E1F-9524-869810A3B17D}.Release|x86.Build.0 = Release|Any CPU
		{9F29C775-0DD3-42A0-97DE-0FB2AC10672B}.Debug|Any CPU.ActiveCfg = Debug|Any CPU
		{9F29C775-0DD3-42A0-97DE-0FB2AC10672B}.Debug|Any CPU.Build.0 = Debug|Any CPU
		{9F29C775-0DD3-42A0-97DE-0FB2AC10672B}.Debug|x64.ActiveCfg = Debug|Any CPU
		{9F29C775-0DD3-42A0-97DE-0FB2AC10672B}.Debug|x64.Build.0 = Debug|Any CPU
		{9F29C775-0DD3-42A0-97DE-0FB2AC10672B}.Debug|x86.ActiveCfg = Debug|Any CPU
		{9F29C775-0DD3-42A0-97DE-0FB2AC10672B}.Debug|x86.Build.0 = Debug|Any CPU
		{9F29C775-0DD3-42A0-97DE-0FB2AC10672B}.Release|Any CPU.ActiveCfg = Release|Any CPU
		{9F29C775-0DD3-42A0-97DE-0FB2AC10672B}.Release|Any CPU.Build.0 = Release|Any CPU
		{9F29C775-0DD3-42A0-97DE-0FB2AC10672B}.Release|x64.ActiveCfg = Release|Any CPU
		{9F29C775-0DD3-42A0-97DE-0FB2AC10672B}.Release|x64.Build.0 = Release|Any CPU
		{9F29C775-0DD3-42A0-97DE-0FB2AC10672B}.Release|x86.ActiveCfg = Release|Any CPU
		{9F29C775-0DD3-42A0-97DE-0FB2AC10672B}.Release|x86.Build.0 = Release|Any CPU
		{8D8593DD-F71E-469E-92C0-A20CE655A348}.Debug|Any CPU.ActiveCfg = Debug|Any CPU
		{8D8593DD-F71E-469E-92C0-A20CE655A348}.Debug|Any CPU.Build.0 = Debug|Any CPU
		{8D8593DD-F71E-469E-92C0-A20CE655A348}.Debug|x64.ActiveCfg = Debug|Any CPU
		{8D8593DD-F71E-469E-92C0-A20CE655A348}.Debug|x64.Build.0 = Debug|Any CPU
		{8D8593DD-F71E-469E-92C0-A20CE655A348}.Debug|x86.ActiveCfg = Debug|Any CPU
		{8D8593DD-F71E-469E-92C0-A20CE655A348}.Debug|x86.Build.0 = Debug|Any CPU
		{8D8593DD-F71E-469E-92C0-A20CE655A348}.Release|Any CPU.ActiveCfg = Release|Any CPU
		{8D8593DD-F71E-469E-92C0-A20CE655A348}.Release|Any CPU.Build.0 = Release|Any CPU
		{8D8593DD-F71E-469E-92C0-A20CE655A348}.Release|x64.ActiveCfg = Release|Any CPU
		{8D8593DD-F71E-469E-92C0-A20CE655A348}.Release|x64.Build.0 = Release|Any CPU
		{8D8593DD-F71E-469E-92C0-A20CE655A348}.Release|x86.ActiveCfg = Release|Any CPU
		{8D8593DD-F71E-469E-92C0-A20CE655A348}.Release|x86.Build.0 = Release|Any CPU
	EndGlobalSection
	GlobalSection(NestedProjects) = preSolution
		{8D8593DD-F71E-469E-92C0-A20CE655A348} = {5203D2B1-15E8-4AA4-A25E-D662C524E3BF}
	EndGlobalSection
EndGlobal
