
Microsoft Visual Studio Solution File, Format Version 12.00
# Visual Studio 15
VisualStudioVersion = 15.0.26124.0
MinimumVisualStudioVersion = 15.0.26124.0
Project("{9A19103F-16F7-4668-BE54-9A1E7A4F7556}") = "R5T.Troy.Default.Construction", "R5T.Troy.Default.Construction\R5T.Troy.Default.Construction.csproj", "{7464B6B3-437A-430C-94B1-C7F31527B3BA}"
EndProject
Project("{9A19103F-16F7-4668-BE54-9A1E7A4F7556}") = "R5T.Troy.Default", "R5T.Troy.Default\R5T.Troy.Default.csproj", "{BA8D995D-420E-440A-B55B-FE30F342E775}"
EndProject
Project("{9A19103F-16F7-4668-BE54-9A1E7A4F7556}") = "R5T.Troy.Default.Testing", "R5T.Troy.Default.Testing\R5T.Troy.Default.Testing.csproj", "{500080A3-175E-4DD3-B80D-2B3665A9DF37}"
EndProject
Project("{2150E333-8FDC-42A3-9474-1A3956D46DE8}") = "_Dependencies", "_Dependencies", "{AA42944A-21F5-4333-948A-14EED999B5BB}"
EndProject
Project("{9A19103F-16F7-4668-BE54-9A1E7A4F7556}") = "R5T.Troy.Base", "..\..\R5T.Troy.Base\source\R5T.Troy.Base\R5T.Troy.Base.csproj", "{4DE02D87-B538-4DA9-9562-F2EBF4FC0349}"
EndProject
Global
	GlobalSection(SolutionConfigurationPlatforms) = preSolution
		Debug|Any CPU = Debug|Any CPU
		Debug|x64 = Debug|x64
		Debug|x86 = Debug|x86
		Release|Any CPU = Release|Any CPU
		Release|x64 = Release|x64
		Release|x86 = Release|x86
	EndGlobalSection
	GlobalSection(ProjectConfigurationPlatforms) = postSolution
		{7464B6B3-437A-430C-94B1-C7F31527B3BA}.Debug|Any CPU.ActiveCfg = Debug|Any CPU
		{7464B6B3-437A-430C-94B1-C7F31527B3BA}.Debug|Any CPU.Build.0 = Debug|Any CPU
		{7464B6B3-437A-430C-94B1-C7F31527B3BA}.Debug|x64.ActiveCfg = Debug|Any CPU
		{7464B6B3-437A-430C-94B1-C7F31527B3BA}.Debug|x64.Build.0 = Debug|Any CPU
		{7464B6B3-437A-430C-94B1-C7F31527B3BA}.Debug|x86.ActiveCfg = Debug|Any CPU
		{7464B6B3-437A-430C-94B1-C7F31527B3BA}.Debug|x86.Build.0 = Debug|Any CPU
		{7464B6B3-437A-430C-94B1-C7F31527B3BA}.Release|Any CPU.ActiveCfg = Release|Any CPU
		{7464B6B3-437A-430C-94B1-C7F31527B3BA}.Release|Any CPU.Build.0 = Release|Any CPU
		{7464B6B3-437A-430C-94B1-C7F31527B3BA}.Release|x64.ActiveCfg = Release|Any CPU
		{7464B6B3-437A-430C-94B1-C7F31527B3BA}.Release|x64.Build.0 = Release|Any CPU
		{7464B6B3-437A-430C-94B1-C7F31527B3BA}.Release|x86.ActiveCfg = Release|Any CPU
		{7464B6B3-437A-430C-94B1-C7F31527B3BA}.Release|x86.Build.0 = Release|Any CPU
		{BA8D995D-420E-440A-B55B-FE30F342E775}.Debug|Any CPU.ActiveCfg = Debug|Any CPU
		{BA8D995D-420E-440A-B55B-FE30F342E775}.Debug|Any CPU.Build.0 = Debug|Any CPU
		{BA8D995D-420E-440A-B55B-FE30F342E775}.Debug|x64.ActiveCfg = Debug|Any CPU
		{BA8D995D-420E-440A-B55B-FE30F342E775}.Debug|x64.Build.0 = Debug|Any CPU
		{BA8D995D-420E-440A-B55B-FE30F342E775}.Debug|x86.ActiveCfg = Debug|Any CPU
		{BA8D995D-420E-440A-B55B-FE30F342E775}.Debug|x86.Build.0 = Debug|Any CPU
		{BA8D995D-420E-440A-B55B-FE30F342E775}.Release|Any CPU.ActiveCfg = Release|Any CPU
		{BA8D995D-420E-440A-B55B-FE30F342E775}.Release|Any CPU.Build.0 = Release|Any CPU
		{BA8D995D-420E-440A-B55B-FE30F342E775}.Release|x64.ActiveCfg = Release|Any CPU
		{BA8D995D-420E-440A-B55B-FE30F342E775}.Release|x64.Build.0 = Release|Any CPU
		{BA8D995D-420E-440A-B55B-FE30F342E775}.Release|x86.ActiveCfg = Release|Any CPU
		{BA8D995D-420E-440A-B55B-FE30F342E775}.Release|x86.Build.0 = Release|Any CPU
		{500080A3-175E-4DD3-B80D-2B3665A9DF37}.Debug|Any CPU.ActiveCfg = Debug|Any CPU
		{500080A3-175E-4DD3-B80D-2B3665A9DF37}.Debug|Any CPU.Build.0 = Debug|Any CPU
		{500080A3-175E-4DD3-B80D-2B3665A9DF37}.Debug|x64.ActiveCfg = Debug|Any CPU
		{500080A3-175E-4DD3-B80D-2B3665A9DF37}.Debug|x64.Build.0 = Debug|Any CPU
		{500080A3-175E-4DD3-B80D-2B3665A9DF37}.Debug|x86.ActiveCfg = Debug|Any CPU
		{500080A3-175E-4DD3-B80D-2B3665A9DF37}.Debug|x86.Build.0 = Debug|Any CPU
		{500080A3-175E-4DD3-B80D-2B3665A9DF37}.Release|Any CPU.ActiveCfg = Release|Any CPU
		{500080A3-175E-4DD3-B80D-2B3665A9DF37}.Release|Any CPU.Build.0 = Release|Any CPU
		{500080A3-175E-4DD3-B80D-2B3665A9DF37}.Release|x64.ActiveCfg = Release|Any CPU
		{500080A3-175E-4DD3-B80D-2B3665A9DF37}.Release|x64.Build.0 = Release|Any CPU
		{500080A3-175E-4DD3-B80D-2B3665A9DF37}.Release|x86.ActiveCfg = Release|Any CPU
		{500080A3-175E-4DD3-B80D-2B3665A9DF37}.Release|x86.Build.0 = Release|Any CPU
		{4DE02D87-B538-4DA9-9562-F2EBF4FC0349}.Debug|Any CPU.ActiveCfg = Debug|Any CPU
		{4DE02D87-B538-4DA9-9562-F2EBF4FC0349}.Debug|Any CPU.Build.0 = Debug|Any CPU
		{4DE02D87-B538-4DA9-9562-F2EBF4FC0349}.Debug|x64.ActiveCfg = Debug|Any CPU
		{4DE02D87-B538-4DA9-9562-F2EBF4FC0349}.Debug|x64.Build.0 = Debug|Any CPU
		{4DE02D87-B538-4DA9-9562-F2EBF4FC0349}.Debug|x86.ActiveCfg = Debug|Any CPU
		{4DE02D87-B538-4DA9-9562-F2EBF4FC0349}.Debug|x86.Build.0 = Debug|Any CPU
		{4DE02D87-B538-4DA9-9562-F2EBF4FC0349}.Release|Any CPU.ActiveCfg = Release|Any CPU
		{4DE02D87-B538-4DA9-9562-F2EBF4FC0349}.Release|Any CPU.Build.0 = Release|Any CPU
		{4DE02D87-B538-4DA9-9562-F2EBF4FC0349}.Release|x64.ActiveCfg = Release|Any CPU
		{4DE02D87-B538-4DA9-9562-F2EBF4FC0349}.Release|x64.Build.0 = Release|Any CPU
		{4DE02D87-B538-4DA9-9562-F2EBF4FC0349}.Release|x86.ActiveCfg = Release|Any CPU
		{4DE02D87-B538-4DA9-9562-F2EBF4FC0349}.Release|x86.Build.0 = Release|Any CPU
	EndGlobalSection
	GlobalSection(SolutionProperties) = preSolution
		HideSolutionNode = FALSE
	EndGlobalSection
	GlobalSection(NestedProjects) = preSolution
		{4DE02D87-B538-4DA9-9562-F2EBF4FC0349} = {AA42944A-21F5-4333-948A-14EED999B5BB}
	EndGlobalSection
	GlobalSection(ExtensibilityGlobals) = postSolution
		SolutionGuid = {82B81D9D-7EF9-4773-974C-744E27715AC0}
	EndGlobalSection
EndGlobal
